// !$*UTF8*$!
{
	archiveVersion = 1;
	classes = {
	};
	objectVersion = 46;
	objects = {

/* Begin PBXBuildFile section */
		F70456F51E684DDD00CCF791 /* AppDelegate.m in Sources */ = {isa = PBXBuildFile; fileRef = F70456EE1E684DDD00CCF791 /* AppDelegate.m */; };
		F70456F61E684DDD00CCF791 /* Assets.xcassets in Resources */ = {isa = PBXBuildFile; fileRef = F70456EF1E684DDD00CCF791 /* Assets.xcassets */; };
		F70456F81E684DDD00CCF791 /* Main.storyboard in Resources */ = {isa = PBXBuildFile; fileRef = F70456F21E684DDD00CCF791 /* Main.storyboard */; };
		F70456F91E684DDD00CCF791 /* main.m in Sources */ = {isa = PBXBuildFile; fileRef = F70456F41E684DDD00CCF791 /* main.m */; };
		F70456FB1E684E6800CCF791 /* Launch Screen.storyboard in Resources */ = {isa = PBXBuildFile; fileRef = F70456FA1E684E6800CCF791 /* Launch Screen.storyboard */; };
		F70456FF1E684FE300CCF791 /* JSMainController.m in Sources */ = {isa = PBXBuildFile; fileRef = F70456FE1E684FE300CCF791 /* JSMainController.m */; };
/* End PBXBuildFile section */

/* Begin PBXFileReference section */
		F70456CA1E684CE300CCF791 /* Bewilder.app */ = {isa = PBXFileReference; explicitFileType = wrapper.application; includeInIndex = 0; path = Bewilder.app; sourceTree = BUILT_PRODUCTS_DIR; };
		F70456DE1E684CE300CCF791 /* Info.plist */ = {isa = PBXFileReference; lastKnownFileType = text.plist.xml; name = Info.plist; path = ../Info.plist; sourceTree = "<group>"; };
		F70456ED1E684DDD00CCF791 /* AppDelegate.h */ = {isa = PBXFileReference; fileEncoding = 4; lastKnownFileType = sourcecode.c.h; path = AppDelegate.h; sourceTree = "<group>"; };
		F70456EE1E684DDD00CCF791 /* AppDelegate.m */ = {isa = PBXFileReference; fileEncoding = 4; lastKnownFileType = sourcecode.c.objc; path = AppDelegate.m; sourceTree = "<group>"; };
		F70456EF1E684DDD00CCF791 /* Assets.xcassets */ = {isa = PBXFileReference; lastKnownFileType = folder.assetcatalog; path = Assets.xcassets; sourceTree = "<group>"; };
		F70456F31E684DDD00CCF791 /* Base */ = {isa = PBXFileReference; lastKnownFileType = file.storyboard; name = Base; path = Base.lproj/Main.storyboard; sourceTree = "<group>"; };
		F70456F41E684DDD00CCF791 /* main.m */ = {isa = PBXFileReference; fileEncoding = 4; lastKnownFileType = sourcecode.c.objc; path = main.m; sourceTree = "<group>"; };
		F70456FA1E684E6800CCF791 /* Launch Screen.storyboard */ = {isa = PBXFileReference; fileEncoding = 4; lastKnownFileType = file.storyboard; path = "Launch Screen.storyboard"; sourceTree = "<group>"; };
		F70456FD1E684FE300CCF791 /* JSMainController.h */ = {isa = PBXFileReference; fileEncoding = 4; lastKnownFileType = sourcecode.c.h; path = JSMainController.h; sourceTree = "<group>"; };
		F70456FE1E684FE300CCF791 /* JSMainController.m */ = {isa = PBXFileReference; fileEncoding = 4; lastKnownFileType = sourcecode.c.objc; path = JSMainController.m; sourceTree = "<group>"; };
		F70457011E68505F00CCF791 /* PrefixHeader.pch */ = {isa = PBXFileReference; lastKnownFileType = sourcecode.c.h; path = PrefixHeader.pch; sourceTree = "<group>"; };
/* End PBXFileReference section */

/* Begin PBXFrameworksBuildPhase section */
		F70456C71E684CE300CCF791 /* Frameworks */ = {
			isa = PBXFrameworksBuildPhase;
			buildActionMask = 2147483647;
			files = (
			);
			runOnlyForDeploymentPostprocessing = 0;
		};
/* End PBXFrameworksBuildPhase section */

/* Begin PBXGroup section */
		F70456C11E684CE300CCF791 = {
			isa = PBXGroup;
			children = (
				F70456CC1E684CE300CCF791 /* Bewilder */,
				F70456CB1E684CE300CCF791 /* Products */,
			);
			sourceTree = "<group>";
		};
		F70456CB1E684CE300CCF791 /* Products */ = {
			isa = PBXGroup;
			children = (
				F70456CA1E684CE300CCF791 /* Bewilder.app */,
			);
			name = Products;
			sourceTree = "<group>";
		};
		F70456CC1E684CE300CCF791 /* Bewilder */ = {
			isa = PBXGroup;
			children = (
				F70457001E68504E00CCF791 /* Common */,
				F70456E41E684DCF00CCF791 /* Classes */,
				F70456EC1E684DDD00CCF791 /* SupportingFiles */,
			);
			path = Bewilder;
			sourceTree = "<group>";
		};
		F70456E41E684DCF00CCF791 /* Classes */ = {
			isa = PBXGroup;
			children = (
				F70456E51E684DCF00CCF791 /* Main */,
				F70457021E6853D200CCF791 /* Essence */,
				F704570E1E6853D200CCF791 /* NewPosts */,
				F70457061E6853D200CCF791 /* Follow */,
				F704570A1E6853D200CCF791 /* Mine */,
			);
			path = Classes;
			sourceTree = "<group>";
		};
		F70456E51E684DCF00CCF791 /* Main */ = {
			isa = PBXGroup;
			children = (
				F70456FC1E684FAA00CCF791 /* Controllers */,
				F70456E61E684DCF00CCF791 /* Models */,
				F70456EA1E684DCF00CCF791 /* Views */,
			);
			path = Main;
			sourceTree = "<group>";
		};
		F70456E61E684DCF00CCF791 /* Models */ = {
			isa = PBXGroup;
			children = (
			);
			path = Models;
			sourceTree = "<group>";
		};
		F70456EA1E684DCF00CCF791 /* Views */ = {
			isa = PBXGroup;
			children = (
			);
			path = Views;
			sourceTree = "<group>";
		};
		F70456EC1E684DDD00CCF791 /* SupportingFiles */ = {
			isa = PBXGroup;
			children = (
				F70456ED1E684DDD00CCF791 /* AppDelegate.h */,
				F70456EE1E684DDD00CCF791 /* AppDelegate.m */,
				F70456DE1E684CE300CCF791 /* Info.plist */,
				F70456EF1E684DDD00CCF791 /* Assets.xcassets */,
				F70456F21E684DDD00CCF791 /* Main.storyboard */,
				F70456FA1E684E6800CCF791 /* Launch Screen.storyboard */,
				F70456F41E684DDD00CCF791 /* main.m */,
			);
			path = SupportingFiles;
			sourceTree = "<group>";
		};
		F70456FC1E684FAA00CCF791 /* Controllers */ = {
			isa = PBXGroup;
			children = (
				F70456FD1E684FE300CCF791 /* JSMainController.h */,
				F70456FE1E684FE300CCF791 /* JSMainController.m */,
			);
			path = Controllers;
			sourceTree = "<group>";
		};
		F70457001E68504E00CCF791 /* Common */ = {
			isa = PBXGroup;
			children = (
				F70457011E68505F00CCF791 /* PrefixHeader.pch */,
			);
			path = Common;
			sourceTree = "<group>";
		};
		F70457021E6853D200CCF791 /* Essence */ = {
			isa = PBXGroup;
			children = (
				F70457031E6853D200CCF791 /* Controllers */,
				F70457041E6853D200CCF791 /* Models */,
				F70457051E6853D200CCF791 /* Views */,
			);
			path = Essence;
			sourceTree = "<group>";
		};
		F70457031E6853D200CCF791 /* Controllers */ = {
			isa = PBXGroup;
			children = (
			);
			path = Controllers;
			sourceTree = "<group>";
		};
		F70457041E6853D200CCF791 /* Models */ = {
			isa = PBXGroup;
			children = (
			);
			path = Models;
			sourceTree = "<group>";
		};
		F70457051E6853D200CCF791 /* Views */ = {
			isa = PBXGroup;
			children = (
			);
			path = Views;
			sourceTree = "<group>";
		};
		F70457061E6853D200CCF791 /* Follow */ = {
			isa = PBXGroup;
			children = (
				F70457071E6853D200CCF791 /* Controllers */,
				F70457081E6853D200CCF791 /* Models */,
				F70457091E6853D200CCF791 /* Views */,
			);
			path = Follow;
			sourceTree = "<group>";
		};
		F70457071E6853D200CCF791 /* Controllers */ = {
			isa = PBXGroup;
			children = (
			);
			path = Controllers;
			sourceTree = "<group>";
		};
		F70457081E6853D200CCF791 /* Models */ = {
			isa = PBXGroup;
			children = (
			);
			path = Models;
			sourceTree = "<group>";
		};
		F70457091E6853D200CCF791 /* Views */ = {
			isa = PBXGroup;
			children = (
			);
			path = Views;
			sourceTree = "<group>";
		};
		F704570A1E6853D200CCF791 /* Mine */ = {
			isa = PBXGroup;
			children = (
				F704570B1E6853D200CCF791 /* Controllers */,
				F704570C1E6853D200CCF791 /* Models */,
				F704570D1E6853D200CCF791 /* Views */,
			);
			path = Mine;
			sourceTree = "<group>";
		};
		F704570B1E6853D200CCF791 /* Controllers */ = {
			isa = PBXGroup;
			children = (
			);
			path = Controllers;
			sourceTree = "<group>";
		};
		F704570C1E6853D200CCF791 /* Models */ = {
			isa = PBXGroup;
			children = (
			);
			path = Models;
			sourceTree = "<group>";
		};
		F704570D1E6853D200CCF791 /* Views */ = {
			isa = PBXGroup;
			children = (
			);
			path = Views;
			sourceTree = "<group>";
		};
		F704570E1E6853D200CCF791 /* NewPosts */ = {
			isa = PBXGroup;
			children = (
				F704570F1E6853D200CCF791 /* Controllers */,
				F70457101E6853D200CCF791 /* Models */,
				F70457111E6853D200CCF791 /* Views */,
			);
			path = NewPosts;
			sourceTree = "<group>";
		};
		F704570F1E6853D200CCF791 /* Controllers */ = {
			isa = PBXGroup;
			children = (
			);
			path = Controllers;
			sourceTree = "<group>";
		};
		F70457101E6853D200CCF791 /* Models */ = {
			isa = PBXGroup;
			children = (
			);
			path = Models;
			sourceTree = "<group>";
		};
		F70457111E6853D200CCF791 /* Views */ = {
			isa = PBXGroup;
			children = (
			);
			path = Views;
			sourceTree = "<group>";
		};
/* End PBXGroup section */

/* Begin PBXNativeTarget section */
		F70456C91E684CE300CCF791 /* Bewilder */ = {
			isa = PBXNativeTarget;
			buildConfigurationList = F70456E11E684CE300CCF791 /* Build configuration list for PBXNativeTarget "Bewilder" */;
			buildPhases = (
				F70456C61E684CE300CCF791 /* Sources */,
				F70456C71E684CE300CCF791 /* Frameworks */,
				F70456C81E684CE300CCF791 /* Resources */,
			);
			buildRules = (
			);
			dependencies = (
			);
			name = Bewilder;
			productName = Bewilder;
			productReference = F70456CA1E684CE300CCF791 /* Bewilder.app */;
			productType = "com.apple.product-type.application";
		};
/* End PBXNativeTarget section */

/* Begin PBXProject section */
		F70456C21E684CE300CCF791 /* Project object */ = {
			isa = PBXProject;
			attributes = {
				CLASSPREFIX = JS;
				LastUpgradeCheck = 0820;
				ORGANIZATIONNAME = ShenYj;
				TargetAttributes = {
					F70456C91E684CE300CCF791 = {
						CreatedOnToolsVersion = 8.2.1;
						DevelopmentTeam = EC2EUS3UQ9;
						ProvisioningStyle = Automatic;
					};
				};
			};
			buildConfigurationList = F70456C51E684CE300CCF791 /* Build configuration list for PBXProject "Bewilder" */;
			compatibilityVersion = "Xcode 3.2";
			developmentRegion = English;
			hasScannedForEncodings = 0;
			knownRegions = (
				en,
				Base,
			);
			mainGroup = F70456C11E684CE300CCF791;
			productRefGroup = F70456CB1E684CE300CCF791 /* Products */;
			projectDirPath = "";
			projectRoot = "";
			targets = (
				F70456C91E684CE300CCF791 /* Bewilder */,
			);
		};
/* End PBXProject section */

/* Begin PBXResourcesBuildPhase section */
		F70456C81E684CE300CCF791 /* Resources */ = {
			isa = PBXResourcesBuildPhase;
			buildActionMask = 2147483647;
			files = (
				F70456FB1E684E6800CCF791 /* Launch Screen.storyboard in Resources */,
				F70456F81E684DDD00CCF791 /* Main.storyboard in Resources */,
				F70456F61E684DDD00CCF791 /* Assets.xcassets in Resources */,
			);
			runOnlyForDeploymentPostprocessing = 0;
		};
/* End PBXResourcesBuildPhase section */

/* Begin PBXSourcesBuildPhase section */
		F70456C61E684CE300CCF791 /* Sources */ = {
			isa = PBXSourcesBuildPhase;
			buildActionMask = 2147483647;
			files = (
				F70456F51E684DDD00CCF791 /* AppDelegate.m in Sources */,
				F70456F91E684DDD00CCF791 /* main.m in Sources */,
				F70456FF1E684FE300CCF791 /* JSMainController.m in Sources */,
			);
			runOnlyForDeploymentPostprocessing = 0;
		};
/* End PBXSourcesBuildPhase section */

/* Begin PBXVariantGroup section */
		F70456F21E684DDD00CCF791 /* Main.storyboard */ = {
			isa = PBXVariantGroup;
			children = (
				F70456F31E684DDD00CCF791 /* Base */,
			);
			name = Main.storyboard;
			sourceTree = "<group>";
		};
/* End PBXVariantGroup section */

/* Begin XCBuildConfiguration section */
		F70456DF1E684CE300CCF791 /* Debug */ = {
			isa = XCBuildConfiguration;
			buildSettings = {
				ALWAYS_SEARCH_USER_PATHS = NO;
				CLANG_ANALYZER_NONNULL = YES;
				CLANG_CXX_LANGUAGE_STANDARD = "gnu++0x";
				CLANG_CXX_LIBRARY = "libc++";
				CLANG_ENABLE_MODULES = YES;
				CLANG_ENABLE_OBJC_ARC = YES;
				CLANG_WARN_BOOL_CONVERSION = YES;
				CLANG_WARN_CONSTANT_CONVERSION = YES;
				CLANG_WARN_DIRECT_OBJC_ISA_USAGE = YES_ERROR;
				CLANG_WARN_DOCUMENTATION_COMMENTS = YES;
				CLANG_WARN_EMPTY_BODY = YES;
				CLANG_WARN_ENUM_CONVERSION = YES;
				CLANG_WARN_INFINITE_RECURSION = YES;
				CLANG_WARN_INT_CONVERSION = YES;
				CLANG_WARN_OBJC_ROOT_CLASS = YES_ERROR;
				CLANG_WARN_SUSPICIOUS_MOVE = YES;
				CLANG_WARN_UNREACHABLE_CODE = YES;
				CLANG_WARN__DUPLICATE_METHOD_MATCH = YES;
				"CODE_SIGN_IDENTITY[sdk=iphoneos*]" = "iPhone Developer";
				COPY_PHASE_STRIP = NO;
				DEBUG_INFORMATION_FORMAT = dwarf;
				ENABLE_STRICT_OBJC_MSGSEND = YES;
				ENABLE_TESTABILITY = YES;
				GCC_C_LANGUAGE_STANDARD = gnu99;
				GCC_DYNAMIC_NO_PIC = NO;
				GCC_NO_COMMON_BLOCKS = YES;
				GCC_OPTIMIZATION_LEVEL = 0;
				GCC_PREPROCESSOR_DEFINITIONS = (
					"DEBUG=1",
					"$(inherited)",
				);
				GCC_WARN_64_TO_32_BIT_CONVERSION = YES;
				GCC_WARN_ABOUT_RETURN_TYPE = YES_ERROR;
				GCC_WARN_UNDECLARED_SELECTOR = YES;
				GCC_WARN_UNINITIALIZED_AUTOS = YES_AGGRESSIVE;
				GCC_WARN_UNUSED_FUNCTION = YES;
				GCC_WARN_UNUSED_VARIABLE = YES;
				IPHONEOS_DEPLOYMENT_TARGET = 10.2;
				MTL_ENABLE_DEBUG_INFO = YES;
				ONLY_ACTIVE_ARCH = YES;
				SDKROOT = iphoneos;
			};
			name = Debug;
		};
		F70456E01E684CE300CCF791 /* Release */ = {
			isa = XCBuildConfiguration;
			buildSettings = {
				ALWAYS_SEARCH_USER_PATHS = NO;
				CLANG_ANALYZER_NONNULL = YES;
				CLANG_CXX_LANGUAGE_STANDARD = "gnu++0x";
				CLANG_CXX_LIBRARY = "libc++";
				CLANG_ENABLE_MODULES = YES;
				CLANG_ENABLE_OBJC_ARC = YES;
				CLANG_WARN_BOOL_CONVERSION = YES;
				CLANG_WARN_CONSTANT_CONVERSION = YES;
				CLANG_WARN_DIRECT_OBJC_ISA_USAGE = YES_ERROR;
				CLANG_WARN_DOCUMENTATION_COMMENTS = YES;
				CLANG_WARN_EMPTY_BODY = YES;
				CLANG_WARN_ENUM_CONVERSION = YES;
				CLANG_WARN_INFINITE_RECURSION = YES;
				CLANG_WARN_INT_CONVERSION = YES;
				CLANG_WARN_OBJC_ROOT_CLASS = YES_ERROR;
				CLANG_WARN_SUSPICIOUS_MOVE = YES;
				CLANG_WARN_UNREACHABLE_CODE = YES;
				CLANG_WARN__DUPLICATE_METHOD_MATCH = YES;
				"CODE_SIGN_IDENTITY[sdk=iphoneos*]" = "iPhone Developer";
				COPY_PHASE_STRIP = NO;
				DEBUG_INFORMATION_FORMAT = "dwarf-with-dsym";
				ENABLE_NS_ASSERTIONS = NO;
				ENABLE_STRICT_OBJC_MSGSEND = YES;
				GCC_C_LANGUAGE_STANDARD = gnu99;
				GCC_NO_COMMON_BLOCKS = YES;
				GCC_WARN_64_TO_32_BIT_CONVERSION = YES;
				GCC_WARN_ABOUT_RETURN_TYPE = YES_ERROR;
				GCC_WARN_UNDECLARED_SELECTOR = YES;
				GCC_WARN_UNINITIALIZED_AUTOS = YES_AGGRESSIVE;
				GCC_WARN_UNUSED_FUNCTION = YES;
				GCC_WARN_UNUSED_VARIABLE = YES;
				IPHONEOS_DEPLOYMENT_TARGET = 10.2;
				MTL_ENABLE_DEBUG_INFO = NO;
				SDKROOT = iphoneos;
				VALIDATE_PRODUCT = YES;
			};
			name = Release;
		};
		F70456E21E684CE300CCF791 /* Debug */ = {
			isa = XCBuildConfiguration;
			buildSettings = {
				ASSETCATALOG_COMPILER_APPICON_NAME = AppIcon;
				ASSETCATALOG_COMPILER_LAUNCHIMAGE_NAME = LaunchImage;
				DEVELOPMENT_TEAM = EC2EUS3UQ9;
				GCC_PREFIX_HEADER = "$(SRCROOT)/$PRODUCT_NAME/Common/PrefixHeader.pch";
				INFOPLIST_FILE = Bewilder/Info.plist;
				IPHONEOS_DEPLOYMENT_TARGET = 9.0;
				LD_RUNPATH_SEARCH_PATHS = "$(inherited) @executable_path/Frameworks";
				PRODUCT_BUNDLE_IDENTIFIER = com.ShenYj.Bewilder;
				PRODUCT_NAME = "$(TARGET_NAME)";
			};
			name = Debug;
		};
		F70456E31E684CE300CCF791 /* Release */ = {
			isa = XCBuildConfiguration;
			buildSettings = {
				ASSETCATALOG_COMPILER_APPICON_NAME = AppIcon;
				ASSETCATALOG_COMPILER_LAUNCHIMAGE_NAME = LaunchImage;
				DEVELOPMENT_TEAM = EC2EUS3UQ9;
				GCC_PREFIX_HEADER = "$(SRCROOT)/$PRODUCT_NAME/Common/PrefixHeader.pch";
				INFOPLIST_FILE = Bewilder/Info.plist;
				IPHONEOS_DEPLOYMENT_TARGET = 9.0;
				LD_RUNPATH_SEARCH_PATHS = "$(inherited) @executable_path/Frameworks";
				PRODUCT_BUNDLE_IDENTIFIER = com.ShenYj.Bewilder;
				PRODUCT_NAME = "$(TARGET_NAME)";
			};
			name = Release;
		};
/* End XCBuildConfiguration section */

/* Begin XCConfigurationList section */
		F70456C51E684CE300CCF791 /* Build configuration list for PBXProject "Bewilder" */ = {
			isa = XCConfigurationList;
			buildConfigurations = (
				F70456DF1E684CE300CCF791 /* Debug */,
				F70456E01E684CE300CCF791 /* Release */,
			);
			defaultConfigurationIsVisible = 0;
			defaultConfigurationName = Release;
		};
		F70456E11E684CE300CCF791 /* Build configuration list for PBXNativeTarget "Bewilder" */ = {
			isa = XCConfigurationList;
			buildConfigurations = (
				F70456E21E684CE300CCF791 /* Debug */,
				F70456E31E684CE300CCF791 /* Release */,
			);
			defaultConfigurationIsVisible = 0;
		};
/* End XCConfigurationList section */
	};
	rootObject = F70456C21E684CE300CCF791 /* Project object */;
}
