// !$*UTF8*$!
{
	archiveVersion = 1;
	classes = {
	};
	objectVersion = 46;
	objects = {

/* Begin PBXBuildFile section */
		90A0D9555FF66BF820292EEE /* libPods-Bewilder.a in Frameworks */ = {isa = PBXBuildFile; fileRef = 5B23923AFD692801C6E65BBF /* libPods-Bewilder.a */; };
		F70456F51E684DDD00CCF791 /* AppDelegate.m in Sources */ = {isa = PBXBuildFile; fileRef = F70456EE1E684DDD00CCF791 /* AppDelegate.m */; };
		F70456F61E684DDD00CCF791 /* Assets.xcassets in Resources */ = {isa = PBXBuildFile; fileRef = F70456EF1E684DDD00CCF791 /* Assets.xcassets */; };
		F70456F81E684DDD00CCF791 /* Main.storyboard in Resources */ = {isa = PBXBuildFile; fileRef = F70456F21E684DDD00CCF791 /* Main.storyboard */; };
		F70456F91E684DDD00CCF791 /* main.m in Sources */ = {isa = PBXBuildFile; fileRef = F70456F41E684DDD00CCF791 /* main.m */; };
		F70456FF1E684FE300CCF791 /* JSMainController.m in Sources */ = {isa = PBXBuildFile; fileRef = F70456FE1E684FE300CCF791 /* JSMainController.m */; };
		F70457141E695D0200CCF791 /* JSTabBar.m in Sources */ = {isa = PBXBuildFile; fileRef = F70457131E695D0200CCF791 /* JSTabBar.m */; };
		F704571D1E69BD8400CCF791 /* JSBaseNavBarButtonItem.m in Sources */ = {isa = PBXBuildFile; fileRef = F70457171E69BD8400CCF791 /* JSBaseNavBarButtonItem.m */; };
		F704571E1E69BD8400CCF791 /* JSBaseNavigationController.m in Sources */ = {isa = PBXBuildFile; fileRef = F70457191E69BD8400CCF791 /* JSBaseNavigationController.m */; };
		F704571F1E69BD8400CCF791 /* JSBaseViewController.m in Sources */ = {isa = PBXBuildFile; fileRef = F704571B1E69BD8400CCF791 /* JSBaseViewController.m */; };
		F70457201E69BD8400CCF791 /* v2_goback@2x.png in Resources */ = {isa = PBXBuildFile; fileRef = F704571C1E69BD8400CCF791 /* v2_goback@2x.png */; };
		F70457231E6CE2B900CCF791 /* JSEssenceController.m in Sources */ = {isa = PBXBuildFile; fileRef = F70457221E6CE2B900CCF791 /* JSEssenceController.m */; };
		F70457291E6CE2F200CCF791 /* JSNewPostsController.m in Sources */ = {isa = PBXBuildFile; fileRef = F70457281E6CE2F200CCF791 /* JSNewPostsController.m */; };
		F704572C1E6CE30300CCF791 /* JSFollowViewController.m in Sources */ = {isa = PBXBuildFile; fileRef = F704572B1E6CE30300CCF791 /* JSFollowViewController.m */; };
		F704572F1E6CE30C00CCF791 /* JSMineViewController.m in Sources */ = {isa = PBXBuildFile; fileRef = F704572E1E6CE30C00CCF791 /* JSMineViewController.m */; };
		F70457351E6DA6C000CCF791 /* JSSettingViewController.m in Sources */ = {isa = PBXBuildFile; fileRef = F70457341E6DA6C000CCF791 /* JSSettingViewController.m */; };
		F734B2D61E80BEC70049C114 /* JSTopicBaseCell.m in Sources */ = {isa = PBXBuildFile; fileRef = F734B2D51E80BEC70049C114 /* JSTopicBaseCell.m */; };
		F734B2DA1E80CF120049C114 /* JSBaseTop.m in Sources */ = {isa = PBXBuildFile; fileRef = F734B2D91E80CF120049C114 /* JSBaseTop.m */; };
		F734B2DD1E80CF560049C114 /* JSBaseBottom.m in Sources */ = {isa = PBXBuildFile; fileRef = F734B2DC1E80CF560049C114 /* JSBaseBottom.m */; };
		F734B2E01E80D1F50049C114 /* JSBaseConst.m in Sources */ = {isa = PBXBuildFile; fileRef = F734B2DF1E80D1F50049C114 /* JSBaseConst.m */; };
		F770C4CC1E75651E00BC9D0B /* JSMineSubViewController.m in Sources */ = {isa = PBXBuildFile; fileRef = F770C4CB1E75651E00BC9D0B /* JSMineSubViewController.m */; };
		F770C4CF1E7570D000BC9D0B /* JSWebViewToolBar.m in Sources */ = {isa = PBXBuildFile; fileRef = F770C4CE1E7570D000BC9D0B /* JSWebViewToolBar.m */; };
		F772DF6D1E6E903300519692 /* JSLoginViewController.m in Sources */ = {isa = PBXBuildFile; fileRef = F772DF6C1E6E903300519692 /* JSLoginViewController.m */; };
		F772DF711E6EDACA00519692 /* JSSSOLoginView.m in Sources */ = {isa = PBXBuildFile; fileRef = F772DF701E6EDACA00519692 /* JSSSOLoginView.m */; };
		F772DF741E6EE3DF00519692 /* JSSSOBtn.m in Sources */ = {isa = PBXBuildFile; fileRef = F772DF731E6EE3DF00519692 /* JSSSOBtn.m */; };
		F772DF771E6EED1900519692 /* JSTopLoginView.m in Sources */ = {isa = PBXBuildFile; fileRef = F772DF761E6EED1900519692 /* JSTopLoginView.m */; };
		F772DF7A1E6FA6BC00519692 /* JSCenterLoginView.m in Sources */ = {isa = PBXBuildFile; fileRef = F772DF791E6FA6BC00519692 /* JSCenterLoginView.m */; };
		F772DF7E1E6FDF7400519692 /* JSLoginTextField.m in Sources */ = {isa = PBXBuildFile; fileRef = F772DF7D1E6FDF7400519692 /* JSLoginTextField.m */; };
		F772DF811E723CE600519692 /* JSMineLastTableViewCell.m in Sources */ = {isa = PBXBuildFile; fileRef = F772DF801E723CE600519692 /* JSMineLastTableViewCell.m */; };
		F772DF841E72F45800519692 /* JSNetworkManager.m in Sources */ = {isa = PBXBuildFile; fileRef = F772DF831E72F45800519692 /* JSNetworkManager.m */; };
		F772DF8B1E73C58A00519692 /* JSNetworkManager+JSMineDatas.m in Sources */ = {isa = PBXBuildFile; fileRef = F772DF8A1E73C58A00519692 /* JSNetworkManager+JSMineDatas.m */; };
		F772DF8E1E73F12500519692 /* JSSquareListModel.m in Sources */ = {isa = PBXBuildFile; fileRef = F772DF8D1E73F12500519692 /* JSSquareListModel.m */; };
		F772DF911E73F28F00519692 /* JSTagList.m in Sources */ = {isa = PBXBuildFile; fileRef = F772DF901E73F28F00519692 /* JSTagList.m */; };
		F772DF941E73F2F300519692 /* JSMineModel.m in Sources */ = {isa = PBXBuildFile; fileRef = F772DF931E73F2F300519692 /* JSMineModel.m */; };
		F772DF971E742FE700519692 /* JSMeButton.m in Sources */ = {isa = PBXBuildFile; fileRef = F772DF961E742FE700519692 /* JSMeButton.m */; };
		F7E63B8E1E7684DA005FAB0F /* JSSettingTableViewCell.m in Sources */ = {isa = PBXBuildFile; fileRef = F7E63B8D1E7684DA005FAB0F /* JSSettingTableViewCell.m */; };
		F7E63B911E768539005FAB0F /* JSClearTableViewCell.m in Sources */ = {isa = PBXBuildFile; fileRef = F7E63B901E768539005FAB0F /* JSClearTableViewCell.m */; };
		F7E63B941E7A5629005FAB0F /* JSEssenceCollectionView.m in Sources */ = {isa = PBXBuildFile; fileRef = F7E63B931E7A5629005FAB0F /* JSEssenceCollectionView.m */; };
		F7E63B971E7A5901005FAB0F /* JSEssenceFlowLayout.m in Sources */ = {isa = PBXBuildFile; fileRef = F7E63B961E7A5901005FAB0F /* JSEssenceFlowLayout.m */; };
		F7E63B9A1E7A5ACB005FAB0F /* JSEssenceMenuView.m in Sources */ = {isa = PBXBuildFile; fileRef = F7E63B991E7A5ACB005FAB0F /* JSEssenceMenuView.m */; };
		F7E63B9D1E7A7141005FAB0F /* JSMenuLabel.m in Sources */ = {isa = PBXBuildFile; fileRef = F7E63B9C1E7A7141005FAB0F /* JSMenuLabel.m */; };
		F7E63BA21E7A7593005FAB0F /* JSEssenceCollectionViewCell.m in Sources */ = {isa = PBXBuildFile; fileRef = F7E63BA11E7A7593005FAB0F /* JSEssenceCollectionViewCell.m */; };
		F7E63BA91E7F5DC8005FAB0F /* JSNetworkManager+JSEssenceDatas.m in Sources */ = {isa = PBXBuildFile; fileRef = F7E63BA81E7F5DC8005FAB0F /* JSNetworkManager+JSEssenceDatas.m */; };
		F7E63BAC1E7F61A7005FAB0F /* JSTopicModel.m in Sources */ = {isa = PBXBuildFile; fileRef = F7E63BAB1E7F61A7005FAB0F /* JSTopicModel.m */; };
		F7E63BAF1E7F837E005FAB0F /* JSRefreshNormalHeader.m in Sources */ = {isa = PBXBuildFile; fileRef = F7E63BAE1E7F837E005FAB0F /* JSRefreshNormalHeader.m */; };
		F7E63BB21E7FAB89005FAB0F /* JSRefreshAutoFooter.m in Sources */ = {isa = PBXBuildFile; fileRef = F7E63BB11E7FAB89005FAB0F /* JSRefreshAutoFooter.m */; };
		F7E63BB61E800217005FAB0F /* JSEssenceTableView.m in Sources */ = {isa = PBXBuildFile; fileRef = F7E63BB51E800217005FAB0F /* JSEssenceTableView.m */; };
		F7E63BB91E800A7D005FAB0F /* JSTopicInfo.m in Sources */ = {isa = PBXBuildFile; fileRef = F7E63BB81E800A7D005FAB0F /* JSTopicInfo.m */; };
		F7F40CBF1E76609D003D134F /* NSString+JSFileSize.m in Sources */ = {isa = PBXBuildFile; fileRef = F7F40CBE1E76609D003D134F /* NSString+JSFileSize.m */; };
/* End PBXBuildFile section */

/* Begin PBXFileReference section */
		5B23923AFD692801C6E65BBF /* libPods-Bewilder.a */ = {isa = PBXFileReference; explicitFileType = archive.ar; includeInIndex = 0; path = "libPods-Bewilder.a"; sourceTree = BUILT_PRODUCTS_DIR; };
		752DE8AA6B43872FFBC31A44 /* Pods-Bewilder.debug.xcconfig */ = {isa = PBXFileReference; includeInIndex = 1; lastKnownFileType = text.xcconfig; name = "Pods-Bewilder.debug.xcconfig"; path = "Pods/Target Support Files/Pods-Bewilder/Pods-Bewilder.debug.xcconfig"; sourceTree = "<group>"; };
		A64ACE02E5255EF3E5BA8CD8 /* Pods-Bewilder.release.xcconfig */ = {isa = PBXFileReference; includeInIndex = 1; lastKnownFileType = text.xcconfig; name = "Pods-Bewilder.release.xcconfig"; path = "Pods/Target Support Files/Pods-Bewilder/Pods-Bewilder.release.xcconfig"; sourceTree = "<group>"; };
		F70456CA1E684CE300CCF791 /* Bewilder.app */ = {isa = PBXFileReference; explicitFileType = wrapper.application; includeInIndex = 0; path = Bewilder.app; sourceTree = BUILT_PRODUCTS_DIR; };
		F70456DE1E684CE300CCF791 /* Info.plist */ = {isa = PBXFileReference; lastKnownFileType = text.plist.xml; name = Info.plist; path = ../Info.plist; sourceTree = "<group>"; };
		F70456ED1E684DDD00CCF791 /* AppDelegate.h */ = {isa = PBXFileReference; fileEncoding = 4; lastKnownFileType = sourcecode.c.h; path = AppDelegate.h; sourceTree = "<group>"; };
		F70456EE1E684DDD00CCF791 /* AppDelegate.m */ = {isa = PBXFileReference; fileEncoding = 4; lastKnownFileType = sourcecode.c.objc; path = AppDelegate.m; sourceTree = "<group>"; };
		F70456EF1E684DDD00CCF791 /* Assets.xcassets */ = {isa = PBXFileReference; lastKnownFileType = folder.assetcatalog; path = Assets.xcassets; sourceTree = "<group>"; };
		F70456F31E684DDD00CCF791 /* Base */ = {isa = PBXFileReference; lastKnownFileType = file.storyboard; name = Base; path = Base.lproj/Main.storyboard; sourceTree = "<group>"; };
		F70456F41E684DDD00CCF791 /* main.m */ = {isa = PBXFileReference; fileEncoding = 4; lastKnownFileType = sourcecode.c.objc; path = main.m; sourceTree = "<group>"; };
		F70456FD1E684FE300CCF791 /* JSMainController.h */ = {isa = PBXFileReference; fileEncoding = 4; lastKnownFileType = sourcecode.c.h; path = JSMainController.h; sourceTree = "<group>"; };
		F70456FE1E684FE300CCF791 /* JSMainController.m */ = {isa = PBXFileReference; fileEncoding = 4; lastKnownFileType = sourcecode.c.objc; path = JSMainController.m; sourceTree = "<group>"; };
		F70457011E68505F00CCF791 /* PrefixHeader.pch */ = {isa = PBXFileReference; lastKnownFileType = sourcecode.c.h; path = PrefixHeader.pch; sourceTree = "<group>"; };
		F70457121E695D0200CCF791 /* JSTabBar.h */ = {isa = PBXFileReference; fileEncoding = 4; lastKnownFileType = sourcecode.c.h; path = JSTabBar.h; sourceTree = "<group>"; };
		F70457131E695D0200CCF791 /* JSTabBar.m */ = {isa = PBXFileReference; fileEncoding = 4; lastKnownFileType = sourcecode.c.objc; path = JSTabBar.m; sourceTree = "<group>"; };
		F70457161E69BD8400CCF791 /* JSBaseNavBarButtonItem.h */ = {isa = PBXFileReference; fileEncoding = 4; lastKnownFileType = sourcecode.c.h; path = JSBaseNavBarButtonItem.h; sourceTree = "<group>"; };
		F70457171E69BD8400CCF791 /* JSBaseNavBarButtonItem.m */ = {isa = PBXFileReference; fileEncoding = 4; lastKnownFileType = sourcecode.c.objc; path = JSBaseNavBarButtonItem.m; sourceTree = "<group>"; };
		F70457181E69BD8400CCF791 /* JSBaseNavigationController.h */ = {isa = PBXFileReference; fileEncoding = 4; lastKnownFileType = sourcecode.c.h; path = JSBaseNavigationController.h; sourceTree = "<group>"; };
		F70457191E69BD8400CCF791 /* JSBaseNavigationController.m */ = {isa = PBXFileReference; fileEncoding = 4; lastKnownFileType = sourcecode.c.objc; path = JSBaseNavigationController.m; sourceTree = "<group>"; };
		F704571A1E69BD8400CCF791 /* JSBaseViewController.h */ = {isa = PBXFileReference; fileEncoding = 4; lastKnownFileType = sourcecode.c.h; path = JSBaseViewController.h; sourceTree = "<group>"; };
		F704571B1E69BD8400CCF791 /* JSBaseViewController.m */ = {isa = PBXFileReference; fileEncoding = 4; lastKnownFileType = sourcecode.c.objc; path = JSBaseViewController.m; sourceTree = "<group>"; };
		F704571C1E69BD8400CCF791 /* v2_goback@2x.png */ = {isa = PBXFileReference; lastKnownFileType = image.png; path = "v2_goback@2x.png"; sourceTree = "<group>"; };
		F70457211E6CE2B900CCF791 /* JSEssenceController.h */ = {isa = PBXFileReference; fileEncoding = 4; lastKnownFileType = sourcecode.c.h; path = JSEssenceController.h; sourceTree = "<group>"; };
		F70457221E6CE2B900CCF791 /* JSEssenceController.m */ = {isa = PBXFileReference; fileEncoding = 4; lastKnownFileType = sourcecode.c.objc; path = JSEssenceController.m; sourceTree = "<group>"; };
		F70457271E6CE2F200CCF791 /* JSNewPostsController.h */ = {isa = PBXFileReference; fileEncoding = 4; lastKnownFileType = sourcecode.c.h; path = JSNewPostsController.h; sourceTree = "<group>"; };
		F70457281E6CE2F200CCF791 /* JSNewPostsController.m */ = {isa = PBXFileReference; fileEncoding = 4; lastKnownFileType = sourcecode.c.objc; path = JSNewPostsController.m; sourceTree = "<group>"; };
		F704572A1E6CE30300CCF791 /* JSFollowViewController.h */ = {isa = PBXFileReference; fileEncoding = 4; lastKnownFileType = sourcecode.c.h; path = JSFollowViewController.h; sourceTree = "<group>"; };
		F704572B1E6CE30300CCF791 /* JSFollowViewController.m */ = {isa = PBXFileReference; fileEncoding = 4; lastKnownFileType = sourcecode.c.objc; path = JSFollowViewController.m; sourceTree = "<group>"; };
		F704572D1E6CE30C00CCF791 /* JSMineViewController.h */ = {isa = PBXFileReference; fileEncoding = 4; lastKnownFileType = sourcecode.c.h; path = JSMineViewController.h; sourceTree = "<group>"; };
		F704572E1E6CE30C00CCF791 /* JSMineViewController.m */ = {isa = PBXFileReference; fileEncoding = 4; lastKnownFileType = sourcecode.c.objc; path = JSMineViewController.m; sourceTree = "<group>"; };
		F70457331E6DA6C000CCF791 /* JSSettingViewController.h */ = {isa = PBXFileReference; fileEncoding = 4; lastKnownFileType = sourcecode.c.h; path = JSSettingViewController.h; sourceTree = "<group>"; };
		F70457341E6DA6C000CCF791 /* JSSettingViewController.m */ = {isa = PBXFileReference; fileEncoding = 4; lastKnownFileType = sourcecode.c.objc; path = JSSettingViewController.m; sourceTree = "<group>"; };
		F734B2D41E80BEC70049C114 /* JSTopicBaseCell.h */ = {isa = PBXFileReference; fileEncoding = 4; lastKnownFileType = sourcecode.c.h; name = JSTopicBaseCell.h; path = ../JSTopicBaseCell.h; sourceTree = "<group>"; };
		F734B2D51E80BEC70049C114 /* JSTopicBaseCell.m */ = {isa = PBXFileReference; fileEncoding = 4; lastKnownFileType = sourcecode.c.objc; name = JSTopicBaseCell.m; path = ../JSTopicBaseCell.m; sourceTree = "<group>"; };
		F734B2D81E80CF120049C114 /* JSBaseTop.h */ = {isa = PBXFileReference; fileEncoding = 4; lastKnownFileType = sourcecode.c.h; path = JSBaseTop.h; sourceTree = "<group>"; };
		F734B2D91E80CF120049C114 /* JSBaseTop.m */ = {isa = PBXFileReference; fileEncoding = 4; lastKnownFileType = sourcecode.c.objc; path = JSBaseTop.m; sourceTree = "<group>"; };
		F734B2DB1E80CF560049C114 /* JSBaseBottom.h */ = {isa = PBXFileReference; fileEncoding = 4; lastKnownFileType = sourcecode.c.h; path = JSBaseBottom.h; sourceTree = "<group>"; };
		F734B2DC1E80CF560049C114 /* JSBaseBottom.m */ = {isa = PBXFileReference; fileEncoding = 4; lastKnownFileType = sourcecode.c.objc; path = JSBaseBottom.m; sourceTree = "<group>"; };
		F734B2DE1E80D1F50049C114 /* JSBaseConst.h */ = {isa = PBXFileReference; fileEncoding = 4; lastKnownFileType = sourcecode.c.h; path = JSBaseConst.h; sourceTree = "<group>"; };
		F734B2DF1E80D1F50049C114 /* JSBaseConst.m */ = {isa = PBXFileReference; fileEncoding = 4; lastKnownFileType = sourcecode.c.objc; path = JSBaseConst.m; sourceTree = "<group>"; };
		F770C4CA1E75651E00BC9D0B /* JSMineSubViewController.h */ = {isa = PBXFileReference; fileEncoding = 4; lastKnownFileType = sourcecode.c.h; path = JSMineSubViewController.h; sourceTree = "<group>"; };
		F770C4CB1E75651E00BC9D0B /* JSMineSubViewController.m */ = {isa = PBXFileReference; fileEncoding = 4; lastKnownFileType = sourcecode.c.objc; path = JSMineSubViewController.m; sourceTree = "<group>"; };
		F770C4CD1E7570CF00BC9D0B /* JSWebViewToolBar.h */ = {isa = PBXFileReference; fileEncoding = 4; lastKnownFileType = sourcecode.c.h; path = JSWebViewToolBar.h; sourceTree = "<group>"; };
		F770C4CE1E7570D000BC9D0B /* JSWebViewToolBar.m */ = {isa = PBXFileReference; fileEncoding = 4; lastKnownFileType = sourcecode.c.objc; path = JSWebViewToolBar.m; sourceTree = "<group>"; };
		F772DF6B1E6E903300519692 /* JSLoginViewController.h */ = {isa = PBXFileReference; fileEncoding = 4; lastKnownFileType = sourcecode.c.h; name = JSLoginViewController.h; path = ../JSLoginViewController.h; sourceTree = "<group>"; };
		F772DF6C1E6E903300519692 /* JSLoginViewController.m */ = {isa = PBXFileReference; fileEncoding = 4; lastKnownFileType = sourcecode.c.objc; name = JSLoginViewController.m; path = ../JSLoginViewController.m; sourceTree = "<group>"; };
		F772DF6F1E6EDACA00519692 /* JSSSOLoginView.h */ = {isa = PBXFileReference; fileEncoding = 4; lastKnownFileType = sourcecode.c.h; name = JSSSOLoginView.h; path = ../JSSSOLoginView.h; sourceTree = "<group>"; };
		F772DF701E6EDACA00519692 /* JSSSOLoginView.m */ = {isa = PBXFileReference; fileEncoding = 4; lastKnownFileType = sourcecode.c.objc; name = JSSSOLoginView.m; path = ../JSSSOLoginView.m; sourceTree = "<group>"; };
		F772DF721E6EE3DF00519692 /* JSSSOBtn.h */ = {isa = PBXFileReference; fileEncoding = 4; lastKnownFileType = sourcecode.c.h; name = JSSSOBtn.h; path = ../JSSSOBtn.h; sourceTree = "<group>"; };
		F772DF731E6EE3DF00519692 /* JSSSOBtn.m */ = {isa = PBXFileReference; fileEncoding = 4; lastKnownFileType = sourcecode.c.objc; name = JSSSOBtn.m; path = ../JSSSOBtn.m; sourceTree = "<group>"; };
		F772DF751E6EED1900519692 /* JSTopLoginView.h */ = {isa = PBXFileReference; fileEncoding = 4; lastKnownFileType = sourcecode.c.h; name = JSTopLoginView.h; path = ../JSTopLoginView.h; sourceTree = "<group>"; };
		F772DF761E6EED1900519692 /* JSTopLoginView.m */ = {isa = PBXFileReference; fileEncoding = 4; lastKnownFileType = sourcecode.c.objc; name = JSTopLoginView.m; path = ../JSTopLoginView.m; sourceTree = "<group>"; };
		F772DF781E6FA6BC00519692 /* JSCenterLoginView.h */ = {isa = PBXFileReference; fileEncoding = 4; lastKnownFileType = sourcecode.c.h; name = JSCenterLoginView.h; path = ../JSCenterLoginView.h; sourceTree = "<group>"; };
		F772DF791E6FA6BC00519692 /* JSCenterLoginView.m */ = {isa = PBXFileReference; fileEncoding = 4; lastKnownFileType = sourcecode.c.objc; name = JSCenterLoginView.m; path = ../JSCenterLoginView.m; sourceTree = "<group>"; };
		F772DF7C1E6FDF7400519692 /* JSLoginTextField.h */ = {isa = PBXFileReference; fileEncoding = 4; lastKnownFileType = sourcecode.c.h; path = JSLoginTextField.h; sourceTree = "<group>"; };
		F772DF7D1E6FDF7400519692 /* JSLoginTextField.m */ = {isa = PBXFileReference; fileEncoding = 4; lastKnownFileType = sourcecode.c.objc; path = JSLoginTextField.m; sourceTree = "<group>"; };
		F772DF7F1E723CE600519692 /* JSMineLastTableViewCell.h */ = {isa = PBXFileReference; fileEncoding = 4; lastKnownFileType = sourcecode.c.h; path = JSMineLastTableViewCell.h; sourceTree = "<group>"; };
		F772DF801E723CE600519692 /* JSMineLastTableViewCell.m */ = {isa = PBXFileReference; fileEncoding = 4; lastKnownFileType = sourcecode.c.objc; path = JSMineLastTableViewCell.m; sourceTree = "<group>"; };
		F772DF821E72F45800519692 /* JSNetworkManager.h */ = {isa = PBXFileReference; fileEncoding = 4; lastKnownFileType = sourcecode.c.h; name = JSNetworkManager.h; path = ../JSNetworkManager.h; sourceTree = "<group>"; };
		F772DF831E72F45800519692 /* JSNetworkManager.m */ = {isa = PBXFileReference; fileEncoding = 4; lastKnownFileType = sourcecode.c.objc; name = JSNetworkManager.m; path = ../JSNetworkManager.m; sourceTree = "<group>"; };
		F772DF891E73C58A00519692 /* JSNetworkManager+JSMineDatas.h */ = {isa = PBXFileReference; fileEncoding = 4; lastKnownFileType = sourcecode.c.h; path = "JSNetworkManager+JSMineDatas.h"; sourceTree = "<group>"; };
		F772DF8A1E73C58A00519692 /* JSNetworkManager+JSMineDatas.m */ = {isa = PBXFileReference; fileEncoding = 4; lastKnownFileType = sourcecode.c.objc; path = "JSNetworkManager+JSMineDatas.m"; sourceTree = "<group>"; };
		F772DF8C1E73F12500519692 /* JSSquareListModel.h */ = {isa = PBXFileReference; fileEncoding = 4; lastKnownFileType = sourcecode.c.h; path = JSSquareListModel.h; sourceTree = "<group>"; };
		F772DF8D1E73F12500519692 /* JSSquareListModel.m */ = {isa = PBXFileReference; fileEncoding = 4; lastKnownFileType = sourcecode.c.objc; path = JSSquareListModel.m; sourceTree = "<group>"; };
		F772DF8F1E73F28F00519692 /* JSTagList.h */ = {isa = PBXFileReference; fileEncoding = 4; lastKnownFileType = sourcecode.c.h; path = JSTagList.h; sourceTree = "<group>"; };
		F772DF901E73F28F00519692 /* JSTagList.m */ = {isa = PBXFileReference; fileEncoding = 4; lastKnownFileType = sourcecode.c.objc; path = JSTagList.m; sourceTree = "<group>"; };
		F772DF921E73F2F300519692 /* JSMineModel.h */ = {isa = PBXFileReference; fileEncoding = 4; lastKnownFileType = sourcecode.c.h; path = JSMineModel.h; sourceTree = "<group>"; };
		F772DF931E73F2F300519692 /* JSMineModel.m */ = {isa = PBXFileReference; fileEncoding = 4; lastKnownFileType = sourcecode.c.objc; path = JSMineModel.m; sourceTree = "<group>"; };
		F772DF951E742FE700519692 /* JSMeButton.h */ = {isa = PBXFileReference; fileEncoding = 4; lastKnownFileType = sourcecode.c.h; path = JSMeButton.h; sourceTree = "<group>"; };
		F772DF961E742FE700519692 /* JSMeButton.m */ = {isa = PBXFileReference; fileEncoding = 4; lastKnownFileType = sourcecode.c.objc; path = JSMeButton.m; sourceTree = "<group>"; };
		F7E63B8C1E7684DA005FAB0F /* JSSettingTableViewCell.h */ = {isa = PBXFileReference; fileEncoding = 4; lastKnownFileType = sourcecode.c.h; path = JSSettingTableViewCell.h; sourceTree = "<group>"; };
		F7E63B8D1E7684DA005FAB0F /* JSSettingTableViewCell.m */ = {isa = PBXFileReference; fileEncoding = 4; lastKnownFileType = sourcecode.c.objc; path = JSSettingTableViewCell.m; sourceTree = "<group>"; };
		F7E63B8F1E768539005FAB0F /* JSClearTableViewCell.h */ = {isa = PBXFileReference; fileEncoding = 4; lastKnownFileType = sourcecode.c.h; path = JSClearTableViewCell.h; sourceTree = "<group>"; };
		F7E63B901E768539005FAB0F /* JSClearTableViewCell.m */ = {isa = PBXFileReference; fileEncoding = 4; lastKnownFileType = sourcecode.c.objc; path = JSClearTableViewCell.m; sourceTree = "<group>"; };
		F7E63B921E7A5629005FAB0F /* JSEssenceCollectionView.h */ = {isa = PBXFileReference; fileEncoding = 4; lastKnownFileType = sourcecode.c.h; name = JSEssenceCollectionView.h; path = ../JSEssenceCollectionView.h; sourceTree = "<group>"; };
		F7E63B931E7A5629005FAB0F /* JSEssenceCollectionView.m */ = {isa = PBXFileReference; fileEncoding = 4; lastKnownFileType = sourcecode.c.objc; name = JSEssenceCollectionView.m; path = ../JSEssenceCollectionView.m; sourceTree = "<group>"; };
		F7E63B951E7A5901005FAB0F /* JSEssenceFlowLayout.h */ = {isa = PBXFileReference; fileEncoding = 4; lastKnownFileType = sourcecode.c.h; name = JSEssenceFlowLayout.h; path = ../JSEssenceFlowLayout.h; sourceTree = "<group>"; };
		F7E63B961E7A5901005FAB0F /* JSEssenceFlowLayout.m */ = {isa = PBXFileReference; fileEncoding = 4; lastKnownFileType = sourcecode.c.objc; name = JSEssenceFlowLayout.m; path = ../JSEssenceFlowLayout.m; sourceTree = "<group>"; };
		F7E63B981E7A5ACB005FAB0F /* JSEssenceMenuView.h */ = {isa = PBXFileReference; fileEncoding = 4; lastKnownFileType = sourcecode.c.h; name = JSEssenceMenuView.h; path = ../JSEssenceMenuView.h; sourceTree = "<group>"; };
		F7E63B991E7A5ACB005FAB0F /* JSEssenceMenuView.m */ = {isa = PBXFileReference; fileEncoding = 4; lastKnownFileType = sourcecode.c.objc; name = JSEssenceMenuView.m; path = ../JSEssenceMenuView.m; sourceTree = "<group>"; };
		F7E63B9B1E7A7141005FAB0F /* JSMenuLabel.h */ = {isa = PBXFileReference; fileEncoding = 4; lastKnownFileType = sourcecode.c.h; name = JSMenuLabel.h; path = ../JSMenuLabel.h; sourceTree = "<group>"; };
		F7E63B9C1E7A7141005FAB0F /* JSMenuLabel.m */ = {isa = PBXFileReference; fileEncoding = 4; lastKnownFileType = sourcecode.c.objc; name = JSMenuLabel.m; path = ../JSMenuLabel.m; sourceTree = "<group>"; };
		F7E63BA01E7A7593005FAB0F /* JSEssenceCollectionViewCell.h */ = {isa = PBXFileReference; fileEncoding = 4; lastKnownFileType = sourcecode.c.h; path = JSEssenceCollectionViewCell.h; sourceTree = "<group>"; };
		F7E63BA11E7A7593005FAB0F /* JSEssenceCollectionViewCell.m */ = {isa = PBXFileReference; fileEncoding = 4; lastKnownFileType = sourcecode.c.objc; path = JSEssenceCollectionViewCell.m; sourceTree = "<group>"; };
		F7E63BA71E7F5DC8005FAB0F /* JSNetworkManager+JSEssenceDatas.h */ = {isa = PBXFileReference; fileEncoding = 4; lastKnownFileType = sourcecode.c.h; path = "JSNetworkManager+JSEssenceDatas.h"; sourceTree = "<group>"; };
		F7E63BA81E7F5DC8005FAB0F /* JSNetworkManager+JSEssenceDatas.m */ = {isa = PBXFileReference; fileEncoding = 4; lastKnownFileType = sourcecode.c.objc; path = "JSNetworkManager+JSEssenceDatas.m"; sourceTree = "<group>"; };
		F7E63BAA1E7F61A7005FAB0F /* JSTopicModel.h */ = {isa = PBXFileReference; fileEncoding = 4; lastKnownFileType = sourcecode.c.h; path = JSTopicModel.h; sourceTree = "<group>"; };
		F7E63BAB1E7F61A7005FAB0F /* JSTopicModel.m */ = {isa = PBXFileReference; fileEncoding = 4; lastKnownFileType = sourcecode.c.objc; path = JSTopicModel.m; sourceTree = "<group>"; };
		F7E63BAD1E7F837E005FAB0F /* JSRefreshNormalHeader.h */ = {isa = PBXFileReference; fileEncoding = 4; lastKnownFileType = sourcecode.c.h; name = JSRefreshNormalHeader.h; path = ../JSRefreshNormalHeader.h; sourceTree = "<group>"; };
		F7E63BAE1E7F837E005FAB0F /* JSRefreshNormalHeader.m */ = {isa = PBXFileReference; fileEncoding = 4; lastKnownFileType = sourcecode.c.objc; name = JSRefreshNormalHeader.m; path = ../JSRefreshNormalHeader.m; sourceTree = "<group>"; };
		F7E63BB01E7FAB89005FAB0F /* JSRefreshAutoFooter.h */ = {isa = PBXFileReference; fileEncoding = 4; lastKnownFileType = sourcecode.c.h; name = JSRefreshAutoFooter.h; path = ../JSRefreshAutoFooter.h; sourceTree = "<group>"; };
		F7E63BB11E7FAB89005FAB0F /* JSRefreshAutoFooter.m */ = {isa = PBXFileReference; fileEncoding = 4; lastKnownFileType = sourcecode.c.objc; name = JSRefreshAutoFooter.m; path = ../JSRefreshAutoFooter.m; sourceTree = "<group>"; };
		F7E63BB41E800217005FAB0F /* JSEssenceTableView.h */ = {isa = PBXFileReference; fileEncoding = 4; lastKnownFileType = sourcecode.c.h; path = JSEssenceTableView.h; sourceTree = "<group>"; };
		F7E63BB51E800217005FAB0F /* JSEssenceTableView.m */ = {isa = PBXFileReference; fileEncoding = 4; lastKnownFileType = sourcecode.c.objc; path = JSEssenceTableView.m; sourceTree = "<group>"; };
		F7E63BB71E800A7D005FAB0F /* JSTopicInfo.h */ = {isa = PBXFileReference; fileEncoding = 4; lastKnownFileType = sourcecode.c.h; path = JSTopicInfo.h; sourceTree = "<group>"; };
		F7E63BB81E800A7D005FAB0F /* JSTopicInfo.m */ = {isa = PBXFileReference; fileEncoding = 4; lastKnownFileType = sourcecode.c.objc; path = JSTopicInfo.m; sourceTree = "<group>"; };
		F7F40CBD1E76609D003D134F /* NSString+JSFileSize.h */ = {isa = PBXFileReference; fileEncoding = 4; lastKnownFileType = sourcecode.c.h; path = "NSString+JSFileSize.h"; sourceTree = "<group>"; };
		F7F40CBE1E76609D003D134F /* NSString+JSFileSize.m */ = {isa = PBXFileReference; fileEncoding = 4; lastKnownFileType = sourcecode.c.objc; path = "NSString+JSFileSize.m"; sourceTree = "<group>"; };
/* End PBXFileReference section */

/* Begin PBXFrameworksBuildPhase section */
		F70456C71E684CE300CCF791 /* Frameworks */ = {
			isa = PBXFrameworksBuildPhase;
			buildActionMask = 2147483647;
			files = (
				90A0D9555FF66BF820292EEE /* libPods-Bewilder.a in Frameworks */,
			);
			runOnlyForDeploymentPostprocessing = 0;
		};
/* End PBXFrameworksBuildPhase section */

/* Begin PBXGroup section */
		A8BC1B028E96721636EB3258 /* Pods */ = {
			isa = PBXGroup;
			children = (
				752DE8AA6B43872FFBC31A44 /* Pods-Bewilder.debug.xcconfig */,
				A64ACE02E5255EF3E5BA8CD8 /* Pods-Bewilder.release.xcconfig */,
			);
			name = Pods;
			sourceTree = "<group>";
		};
		BCAF989EA52CF0DF029CD2F1 /* Frameworks */ = {
			isa = PBXGroup;
			children = (
				5B23923AFD692801C6E65BBF /* libPods-Bewilder.a */,
			);
			name = Frameworks;
			sourceTree = "<group>";
		};
		F70456C11E684CE300CCF791 = {
			isa = PBXGroup;
			children = (
				F70456CC1E684CE300CCF791 /* Bewilder */,
				F70456CB1E684CE300CCF791 /* Products */,
				A8BC1B028E96721636EB3258 /* Pods */,
				BCAF989EA52CF0DF029CD2F1 /* Frameworks */,
			);
			sourceTree = "<group>";
		};
		F70456CB1E684CE300CCF791 /* Products */ = {
			isa = PBXGroup;
			children = (
				F70456CA1E684CE300CCF791 /* Bewilder.app */,
			);
			name = Products;
			sourceTree = "<group>";
		};
		F70456CC1E684CE300CCF791 /* Bewilder */ = {
			isa = PBXGroup;
			children = (
				F70457001E68504E00CCF791 /* Common */,
				F70456E41E684DCF00CCF791 /* Classes */,
				F70456EC1E684DDD00CCF791 /* SupportingFiles */,
			);
			path = Bewilder;
			sourceTree = "<group>";
		};
		F70456E41E684DCF00CCF791 /* Classes */ = {
			isa = PBXGroup;
			children = (
				F70456E51E684DCF00CCF791 /* Main */,
				F70457021E6853D200CCF791 /* Essence */,
				F704570E1E6853D200CCF791 /* NewPosts */,
				F70457061E6853D200CCF791 /* Follow */,
				F704570A1E6853D200CCF791 /* Mine */,
			);
			path = Classes;
			sourceTree = "<group>";
		};
		F70456E51E684DCF00CCF791 /* Main */ = {
			isa = PBXGroup;
			children = (
				F70456FC1E684FAA00CCF791 /* Controllers */,
				F70456E61E684DCF00CCF791 /* Models */,
				F70456EA1E684DCF00CCF791 /* Views */,
			);
			path = Main;
			sourceTree = "<group>";
		};
		F70456E61E684DCF00CCF791 /* Models */ = {
			isa = PBXGroup;
			children = (
			);
			path = Models;
			sourceTree = "<group>";
		};
		F70456EA1E684DCF00CCF791 /* Views */ = {
			isa = PBXGroup;
			children = (
				F772DF7B1E6FA6D300519692 /* LoginView */,
				F70457121E695D0200CCF791 /* JSTabBar.h */,
				F70457131E695D0200CCF791 /* JSTabBar.m */,
			);
			path = Views;
			sourceTree = "<group>";
		};
		F70456EC1E684DDD00CCF791 /* SupportingFiles */ = {
			isa = PBXGroup;
			children = (
				F70456ED1E684DDD00CCF791 /* AppDelegate.h */,
				F70456EE1E684DDD00CCF791 /* AppDelegate.m */,
				F70456DE1E684CE300CCF791 /* Info.plist */,
				F70456EF1E684DDD00CCF791 /* Assets.xcassets */,
				F70456F21E684DDD00CCF791 /* Main.storyboard */,
				F70456F41E684DDD00CCF791 /* main.m */,
			);
			path = SupportingFiles;
			sourceTree = "<group>";
		};
		F70456FC1E684FAA00CCF791 /* Controllers */ = {
			isa = PBXGroup;
			children = (
				F70456FD1E684FE300CCF791 /* JSMainController.h */,
				F70456FE1E684FE300CCF791 /* JSMainController.m */,
				F772DF6E1E6EDA8900519692 /* LoginAndRegister */,
				F70457151E69BD8400CCF791 /* BaseViewController */,
			);
			path = Controllers;
			sourceTree = "<group>";
		};
		F70457001E68504E00CCF791 /* Common */ = {
			isa = PBXGroup;
			children = (
				F70457011E68505F00CCF791 /* PrefixHeader.pch */,
				F7F40CBD1E76609D003D134F /* NSString+JSFileSize.h */,
				F7F40CBE1E76609D003D134F /* NSString+JSFileSize.m */,
				F7E63BB31E7FAC2A005FAB0F /* RefreshControl */,
				F772DF851E73023C00519692 /* NetworkTool */,
			);
			path = Common;
			sourceTree = "<group>";
		};
		F70457021E6853D200CCF791 /* Essence */ = {
			isa = PBXGroup;
			children = (
				F70457031E6853D200CCF791 /* Controllers */,
				F70457041E6853D200CCF791 /* Models */,
				F70457051E6853D200CCF791 /* Views */,
			);
			path = Essence;
			sourceTree = "<group>";
		};
		F70457031E6853D200CCF791 /* Controllers */ = {
			isa = PBXGroup;
			children = (
				F70457211E6CE2B900CCF791 /* JSEssenceController.h */,
				F70457221E6CE2B900CCF791 /* JSEssenceController.m */,
			);
			path = Controllers;
			sourceTree = "<group>";
		};
		F70457041E6853D200CCF791 /* Models */ = {
			isa = PBXGroup;
			children = (
				F7E63BAA1E7F61A7005FAB0F /* JSTopicModel.h */,
				F7E63BAB1E7F61A7005FAB0F /* JSTopicModel.m */,
				F7E63BB71E800A7D005FAB0F /* JSTopicInfo.h */,
				F7E63BB81E800A7D005FAB0F /* JSTopicInfo.m */,
			);
			path = Models;
			sourceTree = "<group>";
		};
		F70457051E6853D200CCF791 /* Views */ = {
			isa = PBXGroup;
			children = (
				F7E63B9F1E7A756A005FAB0F /* Essence_Content_View */,
				F7E63B9E1E7A7545005FAB0F /* Essence_Menu_View */,
			);
			path = Views;
			sourceTree = "<group>";
		};
		F70457061E6853D200CCF791 /* Follow */ = {
			isa = PBXGroup;
			children = (
				F70457071E6853D200CCF791 /* Controllers */,
				F70457081E6853D200CCF791 /* Models */,
				F70457091E6853D200CCF791 /* Views */,
			);
			path = Follow;
			sourceTree = "<group>";
		};
		F70457071E6853D200CCF791 /* Controllers */ = {
			isa = PBXGroup;
			children = (
				F704572A1E6CE30300CCF791 /* JSFollowViewController.h */,
				F704572B1E6CE30300CCF791 /* JSFollowViewController.m */,
			);
			path = Controllers;
			sourceTree = "<group>";
		};
		F70457081E6853D200CCF791 /* Models */ = {
			isa = PBXGroup;
			children = (
			);
			path = Models;
			sourceTree = "<group>";
		};
		F70457091E6853D200CCF791 /* Views */ = {
			isa = PBXGroup;
			children = (
			);
			path = Views;
			sourceTree = "<group>";
		};
		F704570A1E6853D200CCF791 /* Mine */ = {
			isa = PBXGroup;
			children = (
				F704570B1E6853D200CCF791 /* Controllers */,
				F704570C1E6853D200CCF791 /* Models */,
				F704570D1E6853D200CCF791 /* Views */,
			);
			path = Mine;
			sourceTree = "<group>";
		};
		F704570B1E6853D200CCF791 /* Controllers */ = {
			isa = PBXGroup;
			children = (
				F704572D1E6CE30C00CCF791 /* JSMineViewController.h */,
				F704572E1E6CE30C00CCF791 /* JSMineViewController.m */,
				F770C4CA1E75651E00BC9D0B /* JSMineSubViewController.h */,
				F770C4CB1E75651E00BC9D0B /* JSMineSubViewController.m */,
				F70457331E6DA6C000CCF791 /* JSSettingViewController.h */,
				F70457341E6DA6C000CCF791 /* JSSettingViewController.m */,
			);
			path = Controllers;
			sourceTree = "<group>";
		};
		F704570C1E6853D200CCF791 /* Models */ = {
			isa = PBXGroup;
			children = (
				F772DF921E73F2F300519692 /* JSMineModel.h */,
				F772DF931E73F2F300519692 /* JSMineModel.m */,
				F772DF8C1E73F12500519692 /* JSSquareListModel.h */,
				F772DF8D1E73F12500519692 /* JSSquareListModel.m */,
				F772DF8F1E73F28F00519692 /* JSTagList.h */,
				F772DF901E73F28F00519692 /* JSTagList.m */,
			);
			path = Models;
			sourceTree = "<group>";
		};
		F704570D1E6853D200CCF791 /* Views */ = {
			isa = PBXGroup;
			children = (
				F772DF7F1E723CE600519692 /* JSMineLastTableViewCell.h */,
				F772DF801E723CE600519692 /* JSMineLastTableViewCell.m */,
				F772DF951E742FE700519692 /* JSMeButton.h */,
				F772DF961E742FE700519692 /* JSMeButton.m */,
				F770C4CD1E7570CF00BC9D0B /* JSWebViewToolBar.h */,
				F770C4CE1E7570D000BC9D0B /* JSWebViewToolBar.m */,
				F7E63B8C1E7684DA005FAB0F /* JSSettingTableViewCell.h */,
				F7E63B8D1E7684DA005FAB0F /* JSSettingTableViewCell.m */,
				F7E63B8F1E768539005FAB0F /* JSClearTableViewCell.h */,
				F7E63B901E768539005FAB0F /* JSClearTableViewCell.m */,
			);
			path = Views;
			sourceTree = "<group>";
		};
		F704570E1E6853D200CCF791 /* NewPosts */ = {
			isa = PBXGroup;
			children = (
				F704570F1E6853D200CCF791 /* Controllers */,
				F70457101E6853D200CCF791 /* Models */,
				F70457111E6853D200CCF791 /* Views */,
			);
			path = NewPosts;
			sourceTree = "<group>";
		};
		F704570F1E6853D200CCF791 /* Controllers */ = {
			isa = PBXGroup;
			children = (
				F70457271E6CE2F200CCF791 /* JSNewPostsController.h */,
				F70457281E6CE2F200CCF791 /* JSNewPostsController.m */,
			);
			path = Controllers;
			sourceTree = "<group>";
		};
		F70457101E6853D200CCF791 /* Models */ = {
			isa = PBXGroup;
			children = (
			);
			path = Models;
			sourceTree = "<group>";
		};
		F70457111E6853D200CCF791 /* Views */ = {
			isa = PBXGroup;
			children = (
			);
			path = Views;
			sourceTree = "<group>";
		};
		F70457151E69BD8400CCF791 /* BaseViewController */ = {
			isa = PBXGroup;
			children = (
				F704571A1E69BD8400CCF791 /* JSBaseViewController.h */,
				F704571B1E69BD8400CCF791 /* JSBaseViewController.m */,
				F70457161E69BD8400CCF791 /* JSBaseNavBarButtonItem.h */,
				F70457171E69BD8400CCF791 /* JSBaseNavBarButtonItem.m */,
				F70457181E69BD8400CCF791 /* JSBaseNavigationController.h */,
				F70457191E69BD8400CCF791 /* JSBaseNavigationController.m */,
				F704571C1E69BD8400CCF791 /* v2_goback@2x.png */,
			);
			path = BaseViewController;
			sourceTree = "<group>";
		};
		F734B2D71E80CEF70049C114 /* BaseCell */ = {
			isa = PBXGroup;
			children = (
				F734B2D41E80BEC70049C114 /* JSTopicBaseCell.h */,
				F734B2D51E80BEC70049C114 /* JSTopicBaseCell.m */,
				F734B2D81E80CF120049C114 /* JSBaseTop.h */,
				F734B2D91E80CF120049C114 /* JSBaseTop.m */,
				F734B2DB1E80CF560049C114 /* JSBaseBottom.h */,
				F734B2DC1E80CF560049C114 /* JSBaseBottom.m */,
				F734B2DE1E80D1F50049C114 /* JSBaseConst.h */,
				F734B2DF1E80D1F50049C114 /* JSBaseConst.m */,
			);
			path = BaseCell;
			sourceTree = "<group>";
		};
		F772DF6E1E6EDA8900519692 /* LoginAndRegister */ = {
			isa = PBXGroup;
			children = (
				F772DF6B1E6E903300519692 /* JSLoginViewController.h */,
				F772DF6C1E6E903300519692 /* JSLoginViewController.m */,
			);
			path = LoginAndRegister;
			sourceTree = "<group>";
		};
		F772DF7B1E6FA6D300519692 /* LoginView */ = {
			isa = PBXGroup;
			children = (
				F772DF721E6EE3DF00519692 /* JSSSOBtn.h */,
				F772DF731E6EE3DF00519692 /* JSSSOBtn.m */,
				F772DF751E6EED1900519692 /* JSTopLoginView.h */,
				F772DF761E6EED1900519692 /* JSTopLoginView.m */,
				F772DF781E6FA6BC00519692 /* JSCenterLoginView.h */,
				F772DF791E6FA6BC00519692 /* JSCenterLoginView.m */,
				F772DF6F1E6EDACA00519692 /* JSSSOLoginView.h */,
				F772DF701E6EDACA00519692 /* JSSSOLoginView.m */,
				F772DF7C1E6FDF7400519692 /* JSLoginTextField.h */,
				F772DF7D1E6FDF7400519692 /* JSLoginTextField.m */,
			);
			name = LoginView;
			path = ../Controllers/LoginAndRegister/LoginView;
			sourceTree = "<group>";
		};
		F772DF851E73023C00519692 /* NetworkTool */ = {
			isa = PBXGroup;
			children = (
				F772DF821E72F45800519692 /* JSNetworkManager.h */,
				F772DF831E72F45800519692 /* JSNetworkManager.m */,
				F7E63BA71E7F5DC8005FAB0F /* JSNetworkManager+JSEssenceDatas.h */,
				F7E63BA81E7F5DC8005FAB0F /* JSNetworkManager+JSEssenceDatas.m */,
				F772DF891E73C58A00519692 /* JSNetworkManager+JSMineDatas.h */,
				F772DF8A1E73C58A00519692 /* JSNetworkManager+JSMineDatas.m */,
			);
			path = NetworkTool;
			sourceTree = "<group>";
		};
		F7E63B9E1E7A7545005FAB0F /* Essence_Menu_View */ = {
			isa = PBXGroup;
			children = (
				F7E63B981E7A5ACB005FAB0F /* JSEssenceMenuView.h */,
				F7E63B991E7A5ACB005FAB0F /* JSEssenceMenuView.m */,
				F7E63B9B1E7A7141005FAB0F /* JSMenuLabel.h */,
				F7E63B9C1E7A7141005FAB0F /* JSMenuLabel.m */,
			);
			path = Essence_Menu_View;
			sourceTree = "<group>";
		};
		F7E63B9F1E7A756A005FAB0F /* Essence_Content_View */ = {
			isa = PBXGroup;
			children = (
				F7E63B921E7A5629005FAB0F /* JSEssenceCollectionView.h */,
				F7E63B931E7A5629005FAB0F /* JSEssenceCollectionView.m */,
				F7E63B951E7A5901005FAB0F /* JSEssenceFlowLayout.h */,
				F7E63B961E7A5901005FAB0F /* JSEssenceFlowLayout.m */,
				F7E63BA01E7A7593005FAB0F /* JSEssenceCollectionViewCell.h */,
				F7E63BA11E7A7593005FAB0F /* JSEssenceCollectionViewCell.m */,
				F7E63BA61E7E70C6005FAB0F /* EssenceItem */,
			);
			path = Essence_Content_View;
			sourceTree = "<group>";
		};
		F7E63BA61E7E70C6005FAB0F /* EssenceItem */ = {
			isa = PBXGroup;
			children = (
				F7E63BB41E800217005FAB0F /* JSEssenceTableView.h */,
				F7E63BB51E800217005FAB0F /* JSEssenceTableView.m */,
				F734B2D71E80CEF70049C114 /* BaseCell */,
			);
			path = EssenceItem;
			sourceTree = "<group>";
		};
		F7E63BB31E7FAC2A005FAB0F /* RefreshControl */ = {
			isa = PBXGroup;
			children = (
				F7E63BAD1E7F837E005FAB0F /* JSRefreshNormalHeader.h */,
				F7E63BAE1E7F837E005FAB0F /* JSRefreshNormalHeader.m */,
				F7E63BB01E7FAB89005FAB0F /* JSRefreshAutoFooter.h */,
				F7E63BB11E7FAB89005FAB0F /* JSRefreshAutoFooter.m */,
			);
			path = RefreshControl;
			sourceTree = "<group>";
		};
/* End PBXGroup section */

/* Begin PBXNativeTarget section */
		F70456C91E684CE300CCF791 /* Bewilder */ = {
			isa = PBXNativeTarget;
			buildConfigurationList = F70456E11E684CE300CCF791 /* Build configuration list for PBXNativeTarget "Bewilder" */;
			buildPhases = (
				64F60EEF481B89398397E121 /* [CP] Check Pods Manifest.lock */,
				F70456C61E684CE300CCF791 /* Sources */,
				F70456C71E684CE300CCF791 /* Frameworks */,
				F70456C81E684CE300CCF791 /* Resources */,
				9A6A8C3401CDFB547281CE85 /* [CP] Embed Pods Frameworks */,
				76E93EDFF304AD1CA4D745AF /* [CP] Copy Pods Resources */,
			);
			buildRules = (
			);
			dependencies = (
			);
			name = Bewilder;
			productName = Bewilder;
			productReference = F70456CA1E684CE300CCF791 /* Bewilder.app */;
			productType = "com.apple.product-type.application";
		};
/* End PBXNativeTarget section */

/* Begin PBXProject section */
		F70456C21E684CE300CCF791 /* Project object */ = {
			isa = PBXProject;
			attributes = {
				CLASSPREFIX = JS;
				LastUpgradeCheck = 0820;
				ORGANIZATIONNAME = ShenYj;
				TargetAttributes = {
					F70456C91E684CE300CCF791 = {
						CreatedOnToolsVersion = 8.2.1;
						DevelopmentTeam = EC2EUS3UQ9;
						ProvisioningStyle = Automatic;
					};
				};
			};
			buildConfigurationList = F70456C51E684CE300CCF791 /* Build configuration list for PBXProject "Bewilder" */;
			compatibilityVersion = "Xcode 3.2";
			developmentRegion = English;
			hasScannedForEncodings = 0;
			knownRegions = (
				en,
				Base,
			);
			mainGroup = F70456C11E684CE300CCF791;
			productRefGroup = F70456CB1E684CE300CCF791 /* Products */;
			projectDirPath = "";
			projectRoot = "";
			targets = (
				F70456C91E684CE300CCF791 /* Bewilder */,
			);
		};
/* End PBXProject section */

/* Begin PBXResourcesBuildPhase section */
		F70456C81E684CE300CCF791 /* Resources */ = {
			isa = PBXResourcesBuildPhase;
			buildActionMask = 2147483647;
			files = (
				F70457201E69BD8400CCF791 /* v2_goback@2x.png in Resources */,
				F70456F81E684DDD00CCF791 /* Main.storyboard in Resources */,
				F70456F61E684DDD00CCF791 /* Assets.xcassets in Resources */,
			);
			runOnlyForDeploymentPostprocessing = 0;
		};
/* End PBXResourcesBuildPhase section */

/* Begin PBXShellScriptBuildPhase section */
		64F60EEF481B89398397E121 /* [CP] Check Pods Manifest.lock */ = {
			isa = PBXShellScriptBuildPhase;
			buildActionMask = 2147483647;
			files = (
			);
			inputPaths = (
			);
			name = "[CP] Check Pods Manifest.lock";
			outputPaths = (
			);
			runOnlyForDeploymentPostprocessing = 0;
			shellPath = /bin/sh;
			shellScript = "diff \"${PODS_ROOT}/../Podfile.lock\" \"${PODS_ROOT}/Manifest.lock\" > /dev/null\nif [[ $? != 0 ]] ; then\n    cat << EOM\nerror: The sandbox is not in sync with the Podfile.lock. Run 'pod install' or update your CocoaPods installation.\nEOM\n    exit 1\nfi\n";
			showEnvVarsInLog = 0;
		};
		76E93EDFF304AD1CA4D745AF /* [CP] Copy Pods Resources */ = {
			isa = PBXShellScriptBuildPhase;
			buildActionMask = 2147483647;
			files = (
			);
			inputPaths = (
			);
			name = "[CP] Copy Pods Resources";
			outputPaths = (
			);
			runOnlyForDeploymentPostprocessing = 0;
			shellPath = /bin/sh;
			shellScript = "\"${SRCROOT}/Pods/Target Support Files/Pods-Bewilder/Pods-Bewilder-resources.sh\"\n";
			showEnvVarsInLog = 0;
		};
		9A6A8C3401CDFB547281CE85 /* [CP] Embed Pods Frameworks */ = {
			isa = PBXShellScriptBuildPhase;
			buildActionMask = 2147483647;
			files = (
			);
			inputPaths = (
			);
			name = "[CP] Embed Pods Frameworks";
			outputPaths = (
			);
			runOnlyForDeploymentPostprocessing = 0;
			shellPath = /bin/sh;
			shellScript = "\"${SRCROOT}/Pods/Target Support Files/Pods-Bewilder/Pods-Bewilder-frameworks.sh\"\n";
			showEnvVarsInLog = 0;
		};
/* End PBXShellScriptBuildPhase section */

/* Begin PBXSourcesBuildPhase section */
		F70456C61E684CE300CCF791 /* Sources */ = {
			isa = PBXSourcesBuildPhase;
			buildActionMask = 2147483647;
			files = (
				F704572F1E6CE30C00CCF791 /* JSMineViewController.m in Sources */,
				F770C4CC1E75651E00BC9D0B /* JSMineSubViewController.m in Sources */,
				F7E63B9D1E7A7141005FAB0F /* JSMenuLabel.m in Sources */,
				F772DF8B1E73C58A00519692 /* JSNetworkManager+JSMineDatas.m in Sources */,
				F772DF741E6EE3DF00519692 /* JSSSOBtn.m in Sources */,
				F772DF711E6EDACA00519692 /* JSSSOLoginView.m in Sources */,
				F70456F51E684DDD00CCF791 /* AppDelegate.m in Sources */,
				F7E63BA21E7A7593005FAB0F /* JSEssenceCollectionViewCell.m in Sources */,
				F7E63B9A1E7A5ACB005FAB0F /* JSEssenceMenuView.m in Sources */,
				F70456F91E684DDD00CCF791 /* main.m in Sources */,
				F734B2DD1E80CF560049C114 /* JSBaseBottom.m in Sources */,
				F70457291E6CE2F200CCF791 /* JSNewPostsController.m in Sources */,
				F770C4CF1E7570D000BC9D0B /* JSWebViewToolBar.m in Sources */,
				F7E63B971E7A5901005FAB0F /* JSEssenceFlowLayout.m in Sources */,
				F772DF971E742FE700519692 /* JSMeButton.m in Sources */,
				F70457141E695D0200CCF791 /* JSTabBar.m in Sources */,
				F772DF941E73F2F300519692 /* JSMineModel.m in Sources */,
				F7E63B911E768539005FAB0F /* JSClearTableViewCell.m in Sources */,
				F7E63B8E1E7684DA005FAB0F /* JSSettingTableViewCell.m in Sources */,
				F7E63BAF1E7F837E005FAB0F /* JSRefreshNormalHeader.m in Sources */,
				F7E63BB91E800A7D005FAB0F /* JSTopicInfo.m in Sources */,
				F772DF841E72F45800519692 /* JSNetworkManager.m in Sources */,
				F734B2E01E80D1F50049C114 /* JSBaseConst.m in Sources */,
				F734B2D61E80BEC70049C114 /* JSTopicBaseCell.m in Sources */,
				F7E63BA91E7F5DC8005FAB0F /* JSNetworkManager+JSEssenceDatas.m in Sources */,
				F704572C1E6CE30300CCF791 /* JSFollowViewController.m in Sources */,
				F7E63BAC1E7F61A7005FAB0F /* JSTopicModel.m in Sources */,
				F70457351E6DA6C000CCF791 /* JSSettingViewController.m in Sources */,
				F772DF6D1E6E903300519692 /* JSLoginViewController.m in Sources */,
				F772DF811E723CE600519692 /* JSMineLastTableViewCell.m in Sources */,
				F772DF7E1E6FDF7400519692 /* JSLoginTextField.m in Sources */,
				F704571E1E69BD8400CCF791 /* JSBaseNavigationController.m in Sources */,
				F772DF7A1E6FA6BC00519692 /* JSCenterLoginView.m in Sources */,
				F704571D1E69BD8400CCF791 /* JSBaseNavBarButtonItem.m in Sources */,
				F7E63BB21E7FAB89005FAB0F /* JSRefreshAutoFooter.m in Sources */,
				F70456FF1E684FE300CCF791 /* JSMainController.m in Sources */,
				F704571F1E69BD8400CCF791 /* JSBaseViewController.m in Sources */,
				F7F40CBF1E76609D003D134F /* NSString+JSFileSize.m in Sources */,
				F734B2DA1E80CF120049C114 /* JSBaseTop.m in Sources */,
				F7E63B941E7A5629005FAB0F /* JSEssenceCollectionView.m in Sources */,
				F772DF911E73F28F00519692 /* JSTagList.m in Sources */,
				F70457231E6CE2B900CCF791 /* JSEssenceController.m in Sources */,
				F7E63BB61E800217005FAB0F /* JSEssenceTableView.m in Sources */,
				F772DF771E6EED1900519692 /* JSTopLoginView.m in Sources */,
				F772DF8E1E73F12500519692 /* JSSquareListModel.m in Sources */,
			);
			runOnlyForDeploymentPostprocessing = 0;
		};
/* End PBXSourcesBuildPhase section */

/* Begin PBXVariantGroup section */
		F70456F21E684DDD00CCF791 /* Main.storyboard */ = {
			isa = PBXVariantGroup;
			children = (
				F70456F31E684DDD00CCF791 /* Base */,
			);
			name = Main.storyboard;
			sourceTree = "<group>";
		};
/* End PBXVariantGroup section */

/* Begin XCBuildConfiguration section */
		F70456DF1E684CE300CCF791 /* Debug */ = {
			isa = XCBuildConfiguration;
			buildSettings = {
				ALWAYS_SEARCH_USER_PATHS = NO;
				CLANG_ANALYZER_NONNULL = YES;
				CLANG_CXX_LANGUAGE_STANDARD = "gnu++0x";
				CLANG_CXX_LIBRARY = "libc++";
				CLANG_ENABLE_MODULES = YES;
				CLANG_ENABLE_OBJC_ARC = YES;
				CLANG_WARN_BOOL_CONVERSION = YES;
				CLANG_WARN_CONSTANT_CONVERSION = YES;
				CLANG_WARN_DIRECT_OBJC_ISA_USAGE = YES_ERROR;
				CLANG_WARN_DOCUMENTATION_COMMENTS = YES;
				CLANG_WARN_EMPTY_BODY = YES;
				CLANG_WARN_ENUM_CONVERSION = YES;
				CLANG_WARN_INFINITE_RECURSION = YES;
				CLANG_WARN_INT_CONVERSION = YES;
				CLANG_WARN_OBJC_ROOT_CLASS = YES_ERROR;
				CLANG_WARN_SUSPICIOUS_MOVE = YES;
				CLANG_WARN_UNREACHABLE_CODE = YES;
				CLANG_WARN__DUPLICATE_METHOD_MATCH = YES;
				"CODE_SIGN_IDENTITY[sdk=iphoneos*]" = "iPhone Developer";
				COPY_PHASE_STRIP = NO;
				DEBUG_INFORMATION_FORMAT = dwarf;
				ENABLE_STRICT_OBJC_MSGSEND = YES;
				ENABLE_TESTABILITY = YES;
				GCC_C_LANGUAGE_STANDARD = gnu99;
				GCC_DYNAMIC_NO_PIC = NO;
				GCC_NO_COMMON_BLOCKS = YES;
				GCC_OPTIMIZATION_LEVEL = 0;
				GCC_PREPROCESSOR_DEFINITIONS = (
					"DEBUG=1",
					"$(inherited)",
				);
				GCC_WARN_64_TO_32_BIT_CONVERSION = YES;
				GCC_WARN_ABOUT_RETURN_TYPE = YES_ERROR;
				GCC_WARN_UNDECLARED_SELECTOR = YES;
				GCC_WARN_UNINITIALIZED_AUTOS = YES_AGGRESSIVE;
				GCC_WARN_UNUSED_FUNCTION = YES;
				GCC_WARN_UNUSED_VARIABLE = YES;
				IPHONEOS_DEPLOYMENT_TARGET = 10.2;
				MTL_ENABLE_DEBUG_INFO = YES;
				ONLY_ACTIVE_ARCH = YES;
				SDKROOT = iphoneos;
			};
			name = Debug;
		};
		F70456E01E684CE300CCF791 /* Release */ = {
			isa = XCBuildConfiguration;
			buildSettings = {
				ALWAYS_SEARCH_USER_PATHS = NO;
				CLANG_ANALYZER_NONNULL = YES;
				CLANG_CXX_LANGUAGE_STANDARD = "gnu++0x";
				CLANG_CXX_LIBRARY = "libc++";
				CLANG_ENABLE_MODULES = YES;
				CLANG_ENABLE_OBJC_ARC = YES;
				CLANG_WARN_BOOL_CONVERSION = YES;
				CLANG_WARN_CONSTANT_CONVERSION = YES;
				CLANG_WARN_DIRECT_OBJC_ISA_USAGE = YES_ERROR;
				CLANG_WARN_DOCUMENTATION_COMMENTS = YES;
				CLANG_WARN_EMPTY_BODY = YES;
				CLANG_WARN_ENUM_CONVERSION = YES;
				CLANG_WARN_INFINITE_RECURSION = YES;
				CLANG_WARN_INT_CONVERSION = YES;
				CLANG_WARN_OBJC_ROOT_CLASS = YES_ERROR;
				CLANG_WARN_SUSPICIOUS_MOVE = YES;
				CLANG_WARN_UNREACHABLE_CODE = YES;
				CLANG_WARN__DUPLICATE_METHOD_MATCH = YES;
				"CODE_SIGN_IDENTITY[sdk=iphoneos*]" = "iPhone Developer";
				COPY_PHASE_STRIP = NO;
				DEBUG_INFORMATION_FORMAT = "dwarf-with-dsym";
				ENABLE_NS_ASSERTIONS = NO;
				ENABLE_STRICT_OBJC_MSGSEND = YES;
				GCC_C_LANGUAGE_STANDARD = gnu99;
				GCC_NO_COMMON_BLOCKS = YES;
				GCC_WARN_64_TO_32_BIT_CONVERSION = YES;
				GCC_WARN_ABOUT_RETURN_TYPE = YES_ERROR;
				GCC_WARN_UNDECLARED_SELECTOR = YES;
				GCC_WARN_UNINITIALIZED_AUTOS = YES_AGGRESSIVE;
				GCC_WARN_UNUSED_FUNCTION = YES;
				GCC_WARN_UNUSED_VARIABLE = YES;
				IPHONEOS_DEPLOYMENT_TARGET = 10.2;
				MTL_ENABLE_DEBUG_INFO = NO;
				SDKROOT = iphoneos;
				VALIDATE_PRODUCT = YES;
			};
			name = Release;
		};
		F70456E21E684CE300CCF791 /* Debug */ = {
			isa = XCBuildConfiguration;
			baseConfigurationReference = 752DE8AA6B43872FFBC31A44 /* Pods-Bewilder.debug.xcconfig */;
			buildSettings = {
				ASSETCATALOG_COMPILER_APPICON_NAME = AppIcon;
				ASSETCATALOG_COMPILER_LAUNCHIMAGE_NAME = LaunchImage;
				DEVELOPMENT_TEAM = EC2EUS3UQ9;
				GCC_PREFIX_HEADER = "$(SRCROOT)/$PRODUCT_NAME/Common/PrefixHeader.pch";
				INFOPLIST_FILE = Bewilder/Info.plist;
				IPHONEOS_DEPLOYMENT_TARGET = 9.0;
				LD_RUNPATH_SEARCH_PATHS = "$(inherited) @executable_path/Frameworks";
				PRODUCT_BUNDLE_IDENTIFIER = com.ShenYj.Bewilder;
				PRODUCT_NAME = "$(TARGET_NAME)";
			};
			name = Debug;
		};
		F70456E31E684CE300CCF791 /* Release */ = {
			isa = XCBuildConfiguration;
			baseConfigurationReference = A64ACE02E5255EF3E5BA8CD8 /* Pods-Bewilder.release.xcconfig */;
			buildSettings = {
				ASSETCATALOG_COMPILER_APPICON_NAME = AppIcon;
				ASSETCATALOG_COMPILER_LAUNCHIMAGE_NAME = LaunchImage;
				DEVELOPMENT_TEAM = EC2EUS3UQ9;
				GCC_PREFIX_HEADER = "$(SRCROOT)/$PRODUCT_NAME/Common/PrefixHeader.pch";
				INFOPLIST_FILE = Bewilder/Info.plist;
				IPHONEOS_DEPLOYMENT_TARGET = 9.0;
				LD_RUNPATH_SEARCH_PATHS = "$(inherited) @executable_path/Frameworks";
				PRODUCT_BUNDLE_IDENTIFIER = com.ShenYj.Bewilder;
				PRODUCT_NAME = "$(TARGET_NAME)";
			};
			name = Release;
		};
/* End XCBuildConfiguration section */

/* Begin XCConfigurationList section */
		F70456C51E684CE300CCF791 /* Build configuration list for PBXProject "Bewilder" */ = {
			isa = XCConfigurationList;
			buildConfigurations = (
				F70456DF1E684CE300CCF791 /* Debug */,
				F70456E01E684CE300CCF791 /* Release */,
			);
			defaultConfigurationIsVisible = 0;
			defaultConfigurationName = Release;
		};
		F70456E11E684CE300CCF791 /* Build configuration list for PBXNativeTarget "Bewilder" */ = {
			isa = XCConfigurationList;
			buildConfigurations = (
				F70456E21E684CE300CCF791 /* Debug */,
				F70456E31E684CE300CCF791 /* Release */,
			);
			defaultConfigurationIsVisible = 0;
			defaultConfigurationName = Release;
		};
/* End XCConfigurationList section */
	};
	rootObject = F70456C21E684CE300CCF791 /* Project object */;
}
